{
    "_meta": {
        "hash": {
            "sha256": "4151a94596278f2ae982761fc2bd02db7696d0fc46148ab357c239f0cf2e8879"
        },
        "pipfile-spec": 6,
        "requires": {
            "python_version": "3.10"
        },
        "sources": [
            {
                "name": "pypi",
                "url": "https://pypi.org/simple",
                "verify_ssl": true
            }
        ]
    },
    "default": {
        "docopt": {
            "hashes": [
                "sha256:49b3a825280bd66b3aa83585ef59c4a8c82f2c8a522dbe754a8bc8d08c85c491"
            ],
            "version": "==0.6.2"
        },
        "num2words": {
            "hashes": [
                "sha256:1c8e5b00142fc2966fd8d685001e36c4a9911e070d1b120e1beb721fa1edb33d",
                "sha256:b066ec18e56b6616a3b38086b5747daafbaa8868b226a36127e0451c0cf379c6"
            ],
            "index": "pypi",
            "version": "==0.5.14"
        },
        "pdfrw": {
            "hashes": [
                "sha256:0dc0494a0e6561b268542b28ede2280387c2728114f117d3bb5d8e4787b93ef4",
                "sha256:758289edaa3b672e9a1a67504be73c18ec668d4e5b9d5ac9cbc0dc753d8d196b"
            ],
            "index": "pypi",
            "version": "==0.4"
        }
    },
    "develop": {}
}
